// !$*UTF8*$!
{
	archiveVersion = 1;
	classes = {
	};
	objectVersion = 77;
	objects = {

/* Begin PBXBuildFile section */
		965975AB2E2AC0D4007370CC /* DesignSystem in Frameworks */ = {isa = PBXBuildFile; productRef = 965975AA2E2AC0D4007370CC /* DesignSystem */; };
/* End PBXBuildFile section */

/* Begin PBXContainerItemProxy section */
		960AC9832DA0725200519D5F /* PBXContainerItemProxy */ = {
			isa = PBXContainerItemProxy;
			containerPortal = 960AC9642DA0725000519D5F /* Project object */;
			proxyType = 1;
			remoteGlobalIDString = 960AC96B2DA0725000519D5F;
			remoteInfo = DesignSystemDemo;
		};
		960AC98D2DA0725200519D5F /* PBXContainerItemProxy */ = {
			isa = PBXContainerItemProxy;
			containerPortal = 960AC9642DA0725000519D5F /* Project object */;
			proxyType = 1;
			remoteGlobalIDString = 960AC96B2DA0725000519D5F;
			remoteInfo = DesignSystemDemo;
		};
/* End PBXContainerItemProxy section */

/* Begin PBXFileReference section */
		960AC96C2DA0725000519D5F /* DesignSystemDemo.app */ = {isa = PBXFileReference; explicitFileType = wrapper.application; includeInIndex = 0; path = DesignSystemDemo.app; sourceTree = BUILT_PRODUCTS_DIR; };
		960AC9822DA0725200519D5F /* DesignSystemDemoTests.xctest */ = {isa = PBXFileReference; explicitFileType = wrapper.cfbundle; includeInIndex = 0; path = DesignSystemDemoTests.xctest; sourceTree = BUILT_PRODUCTS_DIR; };
		960AC98C2DA0725200519D5F /* DesignSystemDemoUITests.xctest */ = {isa = PBXFileReference; explicitFileType = wrapper.cfbundle; includeInIndex = 0; path = DesignSystemDemoUITests.xctest; sourceTree = BUILT_PRODUCTS_DIR; };
/* End PBXFileReference section */

/* Begin PBXFileSystemSynchronizedBuildFileExceptionSet section */
		960AC9942DA0725200519D5F /* Exceptions for "DesignSystemDemo" folder in "DesignSystemDemo" target */ = {
			isa = PBXFileSystemSynchronizedBuildFileExceptionSet;
			membershipExceptions = (
				Info.plist,
			);
			target = 960AC96B2DA0725000519D5F /* DesignSystemDemo */;
		};
/* End PBXFileSystemSynchronizedBuildFileExceptionSet section */

/* Begin PBXFileSystemSynchronizedRootGroup section */
		960AC96E2DA0725000519D5F /* DesignSystemDemo */ = {
			isa = PBXFileSystemSynchronizedRootGroup;
			exceptions = (
				960AC9942DA0725200519D5F /* Exceptions for "DesignSystemDemo" folder in "DesignSystemDemo" target */,
			);
			path = DesignSystemDemo;
			sourceTree = "<group>";
		};
		960AC9852DA0725200519D5F /* DesignSystemDemoTests */ = {
			isa = PBXFileSystemSynchronizedRootGroup;
			path = DesignSystemDemoTests;
			sourceTree = "<group>";
		};
		960AC98F2DA0725200519D5F /* DesignSystemDemoUITests */ = {
			isa = PBXFileSystemSynchronizedRootGroup;
			path = DesignSystemDemoUITests;
			sourceTree = "<group>";
		};
/* End PBXFileSystemSynchronizedRootGroup section */

/* Begin PBXFrameworksBuildPhase section */
		960AC9692DA0725000519D5F /* Frameworks */ = {
			isa = PBXFrameworksBuildPhase;
			buildActionMask = 2147483647;
			files = (
				965975AB2E2AC0D4007370CC /* DesignSystem in Frameworks */,
			);
			runOnlyForDeploymentPostprocessing = 0;
		};
		960AC97F2DA0725200519D5F /* Frameworks */ = {
			isa = PBXFrameworksBuildPhase;
			buildActionMask = 2147483647;
			files = (
			);
			runOnlyForDeploymentPostprocessing = 0;
		};
		960AC9892DA0725200519D5F /* Frameworks */ = {
			isa = PBXFrameworksBuildPhase;
			buildActionMask = 2147483647;
			files = (
			);
			runOnlyForDeploymentPostprocessing = 0;
		};
/* End PBXFrameworksBuildPhase section */

/* Begin PBXGroup section */
		960AC9632DA0725000519D5F = {
			isa = PBXGroup;
			children = (
				960AC96E2DA0725000519D5F /* DesignSystemDemo */,
				960AC9852DA0725200519D5F /* DesignSystemDemoTests */,
				960AC98F2DA0725200519D5F /* DesignSystemDemoUITests */,
				965975A92E2AC0D4007370CC /* Frameworks */,
				960AC96D2DA0725000519D5F /* Products */,
			);
			sourceTree = "<group>";
		};
		960AC96D2DA0725000519D5F /* Products */ = {
			isa = PBXGroup;
			children = (
				960AC96C2DA0725000519D5F /* DesignSystemDemo.app */,
				960AC9822DA0725200519D5F /* DesignSystemDemoTests.xctest */,
				960AC98C2DA0725200519D5F /* DesignSystemDemoUITests.xctest */,
			);
			name = Products;
			sourceTree = "<group>";
		};
		965975A92E2AC0D4007370CC /* Frameworks */ = {
			isa = PBXGroup;
			children = (
			);
			name = Frameworks;
			sourceTree = "<group>";
		};
/* End PBXGroup section */

/* Begin PBXNativeTarget section */
		960AC96B2DA0725000519D5F /* DesignSystemDemo */ = {
			isa = PBXNativeTarget;
			buildConfigurationList = 960AC9952DA0725200519D5F /* Build configuration list for PBXNativeTarget "DesignSystemDemo" */;
			buildPhases = (
				960AC9682DA0725000519D5F /* Sources */,
				960AC9692DA0725000519D5F /* Frameworks */,
				960AC96A2DA0725000519D5F /* Resources */,
			);
			buildRules = (
			);
			dependencies = (
			);
			fileSystemSynchronizedGroups = (
				960AC96E2DA0725000519D5F /* DesignSystemDemo */,
			);
			name = DesignSystemDemo;
			packageProductDependencies = (
				965975AA2E2AC0D4007370CC /* DesignSystem */,
			);
			productName = DesignSystemDemo;
			productReference = 960AC96C2DA0725000519D5F /* DesignSystemDemo.app */;
			productType = "com.apple.product-type.application";
		};
		960AC9812DA0725200519D5F /* DesignSystemDemoTests */ = {
			isa = PBXNativeTarget;
			buildConfigurationList = 960AC99A2DA0725200519D5F /* Build configuration list for PBXNativeTarget "DesignSystemDemoTests" */;
			buildPhases = (
				960AC97E2DA0725200519D5F /* Sources */,
				960AC97F2DA0725200519D5F /* Frameworks */,
				960AC9802DA0725200519D5F /* Resources */,
			);
			buildRules = (
			);
			dependencies = (
				960AC9842DA0725200519D5F /* PBXTargetDependency */,
			);
			fileSystemSynchronizedGroups = (
				960AC9852DA0725200519D5F /* DesignSystemDemoTests */,
			);
			name = DesignSystemDemoTests;
			packageProductDependencies = (
			);
			productName = DesignSystemDemoTests;
			productReference = 960AC9822DA0725200519D5F /* DesignSystemDemoTests.xctest */;
			productType = "com.apple.product-type.bundle.unit-test";
		};
		960AC98B2DA0725200519D5F /* DesignSystemDemoUITests */ = {
			isa = PBXNativeTarget;
			buildConfigurationList = 960AC99D2DA0725200519D5F /* Build configuration list for PBXNativeTarget "DesignSystemDemoUITests" */;
			buildPhases = (
				960AC9882DA0725200519D5F /* Sources */,
				960AC9892DA0725200519D5F /* Frameworks */,
				960AC98A2DA0725200519D5F /* Resources */,
			);
			buildRules = (
			);
			dependencies = (
				960AC98E2DA0725200519D5F /* PBXTargetDependency */,
			);
			fileSystemSynchronizedGroups = (
				960AC98F2DA0725200519D5F /* DesignSystemDemoUITests */,
			);
			name = DesignSystemDemoUITests;
			packageProductDependencies = (
			);
			productName = DesignSystemDemoUITests;
			productReference = 960AC98C2DA0725200519D5F /* DesignSystemDemoUITests.xctest */;
			productType = "com.apple.product-type.bundle.ui-testing";
		};
/* End PBXNativeTarget section */

/* Begin PBXProject section */
		960AC9642DA0725000519D5F /* Project object */ = {
			isa = PBXProject;
			attributes = {
				BuildIndependentTargetsInParallel = 1;
				LastSwiftUpdateCheck = 1630;
				LastUpgradeCheck = 1630;
				TargetAttributes = {
					960AC96B2DA0725000519D5F = {
						CreatedOnToolsVersion = 16.3;
					};
					960AC9812DA0725200519D5F = {
						CreatedOnToolsVersion = 16.3;
						TestTargetID = 960AC96B2DA0725000519D5F;
					};
					960AC98B2DA0725200519D5F = {
						CreatedOnToolsVersion = 16.3;
						TestTargetID = 960AC96B2DA0725000519D5F;
					};
				};
			};
			buildConfigurationList = 960AC9672DA0725000519D5F /* Build configuration list for PBXProject "DesignSystemDemo" */;
			developmentRegion = en;
			hasScannedForEncodings = 0;
			knownRegions = (
				en,
				cy,
			);
			mainGroup = 960AC9632DA0725000519D5F;
			minimizedProjectReferenceProxies = 1;
			packageReferences = (
				965975AC2E2AC0D4007370CC /* XCLocalSwiftPackageReference ".." */,
			);
			preferredProjectObjectVersion = 77;
			productRefGroup = 960AC96D2DA0725000519D5F /* Products */;
			projectDirPath = "";
			projectRoot = "";
			targets = (
				960AC96B2DA0725000519D5F /* DesignSystemDemo */,
				960AC9812DA0725200519D5F /* DesignSystemDemoTests */,
				960AC98B2DA0725200519D5F /* DesignSystemDemoUITests */,
			);
		};
/* End PBXProject section */

/* Begin PBXResourcesBuildPhase section */
		960AC96A2DA0725000519D5F /* Resources */ = {
			isa = PBXResourcesBuildPhase;
			buildActionMask = 2147483647;
			files = (
			);
			runOnlyForDeploymentPostprocessing = 0;
		};
		960AC9802DA0725200519D5F /* Resources */ = {
			isa = PBXResourcesBuildPhase;
			buildActionMask = 2147483647;
			files = (
			);
			runOnlyForDeploymentPostprocessing = 0;
		};
		960AC98A2DA0725200519D5F /* Resources */ = {
			isa = PBXResourcesBuildPhase;
			buildActionMask = 2147483647;
			files = (
			);
			runOnlyForDeploymentPostprocessing = 0;
		};
/* End PBXResourcesBuildPhase section */

/* Begin PBXSourcesBuildPhase section */
		960AC9682DA0725000519D5F /* Sources */ = {
			isa = PBXSourcesBuildPhase;
			buildActionMask = 2147483647;
			files = (
			);
			runOnlyForDeploymentPostprocessing = 0;
		};
		960AC97E2DA0725200519D5F /* Sources */ = {
			isa = PBXSourcesBuildPhase;
			buildActionMask = 2147483647;
			files = (
			);
			runOnlyForDeploymentPostprocessing = 0;
		};
		960AC9882DA0725200519D5F /* Sources */ = {
			isa = PBXSourcesBuildPhase;
			buildActionMask = 2147483647;
			files = (
			);
			runOnlyForDeploymentPostprocessing = 0;
		};
/* End PBXSourcesBuildPhase section */

/* Begin PBXTargetDependency section */
		960AC9842DA0725200519D5F /* PBXTargetDependency */ = {
			isa = PBXTargetDependency;
			target = 960AC96B2DA0725000519D5F /* DesignSystemDemo */;
			targetProxy = 960AC9832DA0725200519D5F /* PBXContainerItemProxy */;
		};
		960AC98E2DA0725200519D5F /* PBXTargetDependency */ = {
			isa = PBXTargetDependency;
			target = 960AC96B2DA0725000519D5F /* DesignSystemDemo */;
			targetProxy = 960AC98D2DA0725200519D5F /* PBXContainerItemProxy */;
		};
/* End PBXTargetDependency section */

/* Begin XCBuildConfiguration section */
		960AC9962DA0725200519D5F /* Debug */ = {
			isa = XCBuildConfiguration;
			buildSettings = {
				ASSETCATALOG_COMPILER_APPICON_NAME = AppIcon;
				ASSETCATALOG_COMPILER_GLOBAL_ACCENT_COLOR_NAME = AccentColor;
				CODE_SIGN_STYLE = Automatic;
				CURRENT_PROJECT_VERSION = 1;
				DEVELOPMENT_TEAM = N8W395F695;
				ENABLE_USER_SCRIPT_SANDBOXING = NO;
				GENERATE_INFOPLIST_FILE = YES;
				INFOPLIST_FILE = DesignSystemDemo/Info.plist;
				INFOPLIST_KEY_UIApplicationSupportsIndirectInputEvents = YES;
				INFOPLIST_KEY_UISupportedInterfaceOrientations_iPad = "UIInterfaceOrientationLandscapeLeft UIInterfaceOrientationLandscapeRight UIInterfaceOrientationPortrait";
				IPHONEOS_DEPLOYMENT_TARGET = 15.6;
				LD_RUNPATH_SEARCH_PATHS = (
					"$(inherited)",
					"@executable_path/Frameworks",
				);
				MARKETING_VERSION = 1.0;
				PRODUCT_BUNDLE_IDENTIFIER = uk.gov.DesignSystemDemo;
				PRODUCT_NAME = "$(TARGET_NAME)";
				SUPPORTED_PLATFORMS = "iphoneos iphonesimulator";
				SUPPORTS_MACCATALYST = NO;
				SUPPORTS_MAC_DESIGNED_FOR_IPHONE_IPAD = NO;
				SUPPORTS_XR_DESIGNED_FOR_IPHONE_IPAD = NO;
				SWIFT_EMIT_LOC_STRINGS = YES;
				SWIFT_VERSION = 5.0;
				TARGETED_DEVICE_FAMILY = 1;
			};
			name = Debug;
		};
		960AC9972DA0725200519D5F /* Release */ = {
			isa = XCBuildConfiguration;
			buildSettings = {
				ASSETCATALOG_COMPILER_APPICON_NAME = AppIcon;
				ASSETCATALOG_COMPILER_GLOBAL_ACCENT_COLOR_NAME = AccentColor;
				CODE_SIGN_STYLE = Automatic;
				CURRENT_PROJECT_VERSION = 1;
				DEVELOPMENT_TEAM = N8W395F695;
				ENABLE_USER_SCRIPT_SANDBOXING = NO;
				GENERATE_INFOPLIST_FILE = YES;
				INFOPLIST_FILE = DesignSystemDemo/Info.plist;
				INFOPLIST_KEY_UIApplicationSupportsIndirectInputEvents = YES;
				INFOPLIST_KEY_UISupportedInterfaceOrientations_iPad = "UIInterfaceOrientationLandscapeLeft UIInterfaceOrientationLandscapeRight UIInterfaceOrientationPortrait";
				IPHONEOS_DEPLOYMENT_TARGET = 15.6;
				LD_RUNPATH_SEARCH_PATHS = (
					"$(inherited)",
					"@executable_path/Frameworks",
				);
				MARKETING_VERSION = 1.0;
				PRODUCT_BUNDLE_IDENTIFIER = uk.gov.DesignSystemDemo;
				PRODUCT_NAME = "$(TARGET_NAME)";
				SUPPORTED_PLATFORMS = "iphoneos iphonesimulator";
				SUPPORTS_MACCATALYST = NO;
				SUPPORTS_MAC_DESIGNED_FOR_IPHONE_IPAD = NO;
				SUPPORTS_XR_DESIGNED_FOR_IPHONE_IPAD = NO;
				SWIFT_EMIT_LOC_STRINGS = YES;
				SWIFT_VERSION = 5.0;
				TARGETED_DEVICE_FAMILY = 1;
			};
			name = Release;
		};
		960AC9982DA0725200519D5F /* Debug */ = {
			isa = XCBuildConfiguration;
			buildSettings = {
				ALWAYS_SEARCH_USER_PATHS = NO;
				ASSETCATALOG_COMPILER_GENERATE_SWIFT_ASSET_SYMBOL_EXTENSIONS = YES;
				CLANG_ANALYZER_NONNULL = YES;
				CLANG_ANALYZER_NUMBER_OBJECT_CONVERSION = YES_AGGRESSIVE;
				CLANG_CXX_LANGUAGE_STANDARD = "gnu++20";
				CLANG_ENABLE_MODULES = YES;
				CLANG_ENABLE_OBJC_ARC = YES;
				CLANG_ENABLE_OBJC_WEAK = YES;
				CLANG_WARN_BLOCK_CAPTURE_AUTORELEASING = YES;
				CLANG_WARN_BOOL_CONVERSION = YES;
				CLANG_WARN_COMMA = YES;
				CLANG_WARN_CONSTANT_CONVERSION = YES;
				CLANG_WARN_DEPRECATED_OBJC_IMPLEMENTATIONS = YES;
				CLANG_WARN_DIRECT_OBJC_ISA_USAGE = YES_ERROR;
				CLANG_WARN_DOCUMENTATION_COMMENTS = YES;
				CLANG_WARN_EMPTY_BODY = YES;
				CLANG_WARN_ENUM_CONVERSION = YES;
				CLANG_WARN_INFINITE_RECURSION = YES;
				CLANG_WARN_INT_CONVERSION = YES;
				CLANG_WARN_NON_LITERAL_NULL_CONVERSION = YES;
				CLANG_WARN_OBJC_IMPLICIT_RETAIN_SELF = YES;
				CLANG_WARN_OBJC_LITERAL_CONVERSION = YES;
				CLANG_WARN_OBJC_ROOT_CLASS = YES_ERROR;
				CLANG_WARN_QUOTED_INCLUDE_IN_FRAMEWORK_HEADER = YES;
				CLANG_WARN_RANGE_LOOP_ANALYSIS = YES;
				CLANG_WARN_STRICT_PROTOTYPES = YES;
				CLANG_WARN_SUSPICIOUS_MOVE = YES;
				CLANG_WARN_UNGUARDED_AVAILABILITY = YES_AGGRESSIVE;
				CLANG_WARN_UNREACHABLE_CODE = YES;
				CLANG_WARN__DUPLICATE_METHOD_MATCH = YES;
				COPY_PHASE_STRIP = NO;
				DEBUG_INFORMATION_FORMAT = dwarf;
				DEVELOPMENT_TEAM = N8W395F695;
				ENABLE_STRICT_OBJC_MSGSEND = YES;
				ENABLE_TESTABILITY = YES;
				ENABLE_USER_SCRIPT_SANDBOXING = YES;
				GCC_C_LANGUAGE_STANDARD = gnu17;
				GCC_DYNAMIC_NO_PIC = NO;
				GCC_NO_COMMON_BLOCKS = YES;
				GCC_OPTIMIZATION_LEVEL = 0;
				GCC_PREPROCESSOR_DEFINITIONS = (
					"DEBUG=1",
					"$(inherited)",
				);
				GCC_WARN_64_TO_32_BIT_CONVERSION = YES;
				GCC_WARN_ABOUT_RETURN_TYPE = YES_ERROR;
				GCC_WARN_UNDECLARED_SELECTOR = YES;
				GCC_WARN_UNINITIALIZED_AUTOS = YES_AGGRESSIVE;
				GCC_WARN_UNUSED_FUNCTION = YES;
				GCC_WARN_UNUSED_VARIABLE = YES;
				IPHONEOS_DEPLOYMENT_TARGET = 18.4;
				LOCALIZATION_PREFERS_STRING_CATALOGS = YES;
				MTL_ENABLE_DEBUG_INFO = INCLUDE_SOURCE;
				MTL_FAST_MATH = YES;
				ONLY_ACTIVE_ARCH = YES;
				SDKROOT = iphoneos;
				SWIFT_ACTIVE_COMPILATION_CONDITIONS = "DEBUG $(inherited)";
				SWIFT_OPTIMIZATION_LEVEL = "-Onone";
			};
			name = Debug;
		};
		960AC9992DA0725200519D5F /* Release */ = {
			isa = XCBuildConfiguration;
			buildSettings = {
				ALWAYS_SEARCH_USER_PATHS = NO;
				ASSETCATALOG_COMPILER_GENERATE_SWIFT_ASSET_SYMBOL_EXTENSIONS = YES;
				CLANG_ANALYZER_NONNULL = YES;
				CLANG_ANALYZER_NUMBER_OBJECT_CONVERSION = YES_AGGRESSIVE;
				CLANG_CXX_LANGUAGE_STANDARD = "gnu++20";
				CLANG_ENABLE_MODULES = YES;
				CLANG_ENABLE_OBJC_ARC = YES;
				CLANG_ENABLE_OBJC_WEAK = YES;
				CLANG_WARN_BLOCK_CAPTURE_AUTORELEASING = YES;
				CLANG_WARN_BOOL_CONVERSION = YES;
				CLANG_WARN_COMMA = YES;
				CLANG_WARN_CONSTANT_CONVERSION = YES;
				CLANG_WARN_DEPRECATED_OBJC_IMPLEMENTATIONS = YES;
				CLANG_WARN_DIRECT_OBJC_ISA_USAGE = YES_ERROR;
				CLANG_WARN_DOCUMENTATION_COMMENTS = YES;
				CLANG_WARN_EMPTY_BODY = YES;
				CLANG_WARN_ENUM_CONVERSION = YES;
				CLANG_WARN_INFINITE_RECURSION = YES;
				CLANG_WARN_INT_CONVERSION = YES;
				CLANG_WARN_NON_LITERAL_NULL_CONVERSION = YES;
				CLANG_WARN_OBJC_IMPLICIT_RETAIN_SELF = YES;
				CLANG_WARN_OBJC_LITERAL_CONVERSION = YES;
				CLANG_WARN_OBJC_ROOT_CLASS = YES_ERROR;
				CLANG_WARN_QUOTED_INCLUDE_IN_FRAMEWORK_HEADER = YES;
				CLANG_WARN_RANGE_LOOP_ANALYSIS = YES;
				CLANG_WARN_STRICT_PROTOTYPES = YES;
				CLANG_WARN_SUSPICIOUS_MOVE = YES;
				CLANG_WARN_UNGUARDED_AVAILABILITY = YES_AGGRESSIVE;
				CLANG_WARN_UNREACHABLE_CODE = YES;
				CLANG_WARN__DUPLICATE_METHOD_MATCH = YES;
				COPY_PHASE_STRIP = NO;
				DEBUG_INFORMATION_FORMAT = "dwarf-with-dsym";
				DEVELOPMENT_TEAM = N8W395F695;
				ENABLE_NS_ASSERTIONS = NO;
				ENABLE_STRICT_OBJC_MSGSEND = YES;
				ENABLE_USER_SCRIPT_SANDBOXING = YES;
				GCC_C_LANGUAGE_STANDARD = gnu17;
				GCC_NO_COMMON_BLOCKS = YES;
				GCC_WARN_64_TO_32_BIT_CONVERSION = YES;
				GCC_WARN_ABOUT_RETURN_TYPE = YES_ERROR;
				GCC_WARN_UNDECLARED_SELECTOR = YES;
				GCC_WARN_UNINITIALIZED_AUTOS = YES_AGGRESSIVE;
				GCC_WARN_UNUSED_FUNCTION = YES;
				GCC_WARN_UNUSED_VARIABLE = YES;
				IPHONEOS_DEPLOYMENT_TARGET = 18.4;
				LOCALIZATION_PREFERS_STRING_CATALOGS = YES;
				MTL_ENABLE_DEBUG_INFO = NO;
				MTL_FAST_MATH = YES;
				SDKROOT = iphoneos;
				SWIFT_COMPILATION_MODE = wholemodule;
				VALIDATE_PRODUCT = YES;
			};
			name = Release;
		};
		960AC99B2DA0725200519D5F /* Debug */ = {
			isa = XCBuildConfiguration;
			buildSettings = {
				BUNDLE_LOADER = "$(TEST_HOST)";
				CODE_SIGN_STYLE = Automatic;
				CURRENT_PROJECT_VERSION = 1;
				DEVELOPMENT_TEAM = N8W395F695;
				GENERATE_INFOPLIST_FILE = YES;
				IPHONEOS_DEPLOYMENT_TARGET = 15.6;
				MARKETING_VERSION = 1.0;
				PRODUCT_BUNDLE_IDENTIFIER = uk.gov.DesignSystemDemoTests;
				PRODUCT_NAME = "$(TARGET_NAME)";
				SWIFT_EMIT_LOC_STRINGS = NO;
				SWIFT_VERSION = 5.0;
				TARGETED_DEVICE_FAMILY = "1,2";
				TEST_HOST = "$(BUILT_PRODUCTS_DIR)/DesignSystemDemo.app/$(BUNDLE_EXECUTABLE_FOLDER_PATH)/DesignSystemDemo";
			};
			name = Debug;
		};
		960AC99C2DA0725200519D5F /* Release */ = {
			isa = XCBuildConfiguration;
			buildSettings = {
				BUNDLE_LOADER = "$(TEST_HOST)";
				CODE_SIGN_STYLE = Automatic;
				CURRENT_PROJECT_VERSION = 1;
				DEVELOPMENT_TEAM = N8W395F695;
				GENERATE_INFOPLIST_FILE = YES;
				IPHONEOS_DEPLOYMENT_TARGET = 15.6;
				MARKETING_VERSION = 1.0;
				PRODUCT_BUNDLE_IDENTIFIER = uk.gov.DesignSystemDemoTests;
				PRODUCT_NAME = "$(TARGET_NAME)";
				SWIFT_EMIT_LOC_STRINGS = NO;
				SWIFT_VERSION = 5.0;
				TARGETED_DEVICE_FAMILY = "1,2";
				TEST_HOST = "$(BUILT_PRODUCTS_DIR)/DesignSystemDemo.app/$(BUNDLE_EXECUTABLE_FOLDER_PATH)/DesignSystemDemo";
			};
			name = Release;
		};
		960AC99E2DA0725200519D5F /* Debug */ = {
			isa = XCBuildConfiguration;
			buildSettings = {
				CODE_SIGN_STYLE = Automatic;
				CURRENT_PROJECT_VERSION = 1;
				DEVELOPMENT_TEAM = N8W395F695;
				GENERATE_INFOPLIST_FILE = YES;
				IPHONEOS_DEPLOYMENT_TARGET = 15.6;
				MARKETING_VERSION = 1.0;
				PRODUCT_BUNDLE_IDENTIFIER = uk.gov.DesignSystemDemoUITests;
				PRODUCT_NAME = "$(TARGET_NAME)";
				SWIFT_EMIT_LOC_STRINGS = NO;
				SWIFT_VERSION = 5.0;
				TARGETED_DEVICE_FAMILY = "1,2";
				TEST_TARGET_NAME = DesignSystemDemo;
			};
			name = Debug;
		};
		960AC99F2DA0725200519D5F /* Release */ = {
			isa = XCBuildConfiguration;
			buildSettings = {
				CODE_SIGN_STYLE = Automatic;
				CURRENT_PROJECT_VERSION = 1;
				DEVELOPMENT_TEAM = N8W395F695;
				GENERATE_INFOPLIST_FILE = YES;
				IPHONEOS_DEPLOYMENT_TARGET = 15.6;
				MARKETING_VERSION = 1.0;
				PRODUCT_BUNDLE_IDENTIFIER = uk.gov.DesignSystemDemoUITests;
				PRODUCT_NAME = "$(TARGET_NAME)";
				SWIFT_EMIT_LOC_STRINGS = NO;
				SWIFT_VERSION = 5.0;
				TARGETED_DEVICE_FAMILY = "1,2";
				TEST_TARGET_NAME = DesignSystemDemo;
			};
			name = Release;
		};
/* End XCBuildConfiguration section */

/* Begin XCConfigurationList section */
		960AC9672DA0725000519D5F /* Build configuration list for PBXProject "DesignSystemDemo" */ = {
			isa = XCConfigurationList;
			buildConfigurations = (
				960AC9982DA0725200519D5F /* Debug */,
				960AC9992DA0725200519D5F /* Release */,
			);
			defaultConfigurationIsVisible = 0;
			defaultConfigurationName = Release;
		};
		960AC9952DA0725200519D5F /* Build configuration list for PBXNativeTarget "DesignSystemDemo" */ = {
			isa = XCConfigurationList;
			buildConfigurations = (
				960AC9962DA0725200519D5F /* Debug */,
				960AC9972DA0725200519D5F /* Release */,
			);
			defaultConfigurationIsVisible = 0;
			defaultConfigurationName = Release;
		};
		960AC99A2DA0725200519D5F /* Build configuration list for PBXNativeTarget "DesignSystemDemoTests" */ = {
			isa = XCConfigurationList;
			buildConfigurations = (
				960AC99B2DA0725200519D5F /* Debug */,
				960AC99C2DA0725200519D5F /* Release */,
			);
			defaultConfigurationIsVisible = 0;
			defaultConfigurationName = Release;
		};
		960AC99D2DA0725200519D5F /* Build configuration list for PBXNativeTarget "DesignSystemDemoUITests" */ = {
			isa = XCConfigurationList;
			buildConfigurations = (
				960AC99E2DA0725200519D5F /* Debug */,
				960AC99F2DA0725200519D5F /* Release */,
			);
			defaultConfigurationIsVisible = 0;
			defaultConfigurationName = Release;
		};
/* End XCConfigurationList section */

/* Begin XCLocalSwiftPackageReference section */
		965975AC2E2AC0D4007370CC /* XCLocalSwiftPackageReference ".." */ = {
			isa = XCLocalSwiftPackageReference;
			relativePath = ..;
		};
/* End XCLocalSwiftPackageReference section */

/* Begin XCSwiftPackageProductDependency section */
		965975AA2E2AC0D4007370CC /* DesignSystem */ = {
			isa = XCSwiftPackageProductDependency;
			package = 965975AC2E2AC0D4007370CC /* XCLocalSwiftPackageReference ".." */;
			productName = DesignSystem;
		};
/* End XCSwiftPackageProductDependency section */
	};
	rootObject = 960AC9642DA0725000519D5F /* Project object */;
}
